
Microsoft Visual Studio Solution File, Format Version 12.00
# Visual Studio Version 17
VisualStudioVersion = 17.7.34031.279
MinimumVisualStudioVersion = 10.0.40219.1
Project("{FAE04EC0-301F-11D3-BF4B-00C04F79EFBC}") = "sprawdzian", "sprawdzian\sprawdzian.csproj", "{133C7063-E7FF-4692-A75E-3C54F45E7FFC}"
EndProject
Global
	GlobalSection(SolutionConfigurationPlatforms) = preSolution
		Debug|Any CPU = Debug|Any CPU
		Release|Any CPU = Release|Any CPU
	EndGlobalSection
	GlobalSection(ProjectConfigurationPlatforms) = postSolution
		{133C7063-E7FF-4692-A75E-3C54F45E7FFC}.Debug|Any CPU.ActiveCfg = Debug|Any CPU
		{133C7063-E7FF-4692-A75E-3C54F45E7FFC}.Debug|Any CPU.Build.0 = Debug|Any CPU
		{133C7063-E7FF-4692-A75E-3C54F45E7FFC}.Release|Any CPU.ActiveCfg = Release|Any CPU
		{133C7063-E7FF-4692-A75E-3C54F45E7FFC}.Release|Any CPU.Build.0 = Release|Any CPU
	EndGlobalSection
	GlobalSection(SolutionProperties) = preSolution
		HideSolutionNode = FALSE
	EndGlobalSection
	GlobalSection(ExtensibilityGlobals) = postSolution
		SolutionGuid = {10503442-BAAE-4438-B24C-5B62A80EF989}
	EndGlobalSection
EndGlobal
